
Microsoft Visual Studio Solution File, Format Version 12.00
# Visual Studio Version 16
VisualStudioVersion = 16.0.29215.179
MinimumVisualStudioVersion = 15.0.26124.0

Project("{9A19103F-16F7-4668-BE54-9A1E7A4F7556}") = "Starglade.Infrastructure", "Starglade.Infrastructure\Starglade.Infrastructure.csproj", "{2E91F976-C070-4242-8AD7-0088DC89976D}"
EndProject
Project("{9A19103F-16F7-4668-BE54-9A1E7A4F7556}") = "Starglade.Core", "Starglade.Core\Starglade.Core.csproj", "{94A5C2B5-48AE-4104-A5D8-FB09C60139B6}"
EndProject
Project("{9A19103F-16F7-4668-BE54-9A1E7A4F7556}") = "Starglade.Api", "Starglade.Api\Starglade.Api.csproj", "{14BC5495-1D2D-45D2-A58A-19C0BF5F4EC2}"
EndProject
Project("{9A19103F-16F7-4668-BE54-9A1E7A4F7556}") = "Starglade.Service", "Starglade.Service\Starglade.Service.csproj", "{08866F90-7C3B-446F-A6DE-8D65381CC87F}"
EndProject
Project("{9A19103F-16F7-4668-BE54-9A1E7A4F7556}") = "Starglade.Test", "Starglade.Test\Starglade.Test.csproj", "{DC336660-207B-4237-A805-FAB7A4CAE736}"
EndProject
Global
	GlobalSection(SolutionConfigurationPlatforms) = preSolution
		Debug|Any CPU = Debug|Any CPU
		Debug|x64 = Debug|x64
		Debug|x86 = Debug|x86
		Release|Any CPU = Release|Any CPU
		Release|x64 = Release|x64
		Release|x86 = Release|x86
	EndGlobalSection
	GlobalSection(ProjectConfigurationPlatforms) = postSolution
		{0E77154B-B34C-4473-988A-64A3ED037330}.Debug|Any CPU.ActiveCfg = Debug|Any CPU
		{0E77154B-B34C-4473-988A-64A3ED037330}.Debug|Any CPU.Build.0 = Debug|Any CPU
		{0E77154B-B34C-4473-988A-64A3ED037330}.Debug|x64.ActiveCfg = Debug|Any CPU
		{0E77154B-B34C-4473-988A-64A3ED037330}.Debug|x64.Build.0 = Debug|Any CPU
		{0E77154B-B34C-4473-988A-64A3ED037330}.Debug|x86.ActiveCfg = Debug|Any CPU
		{0E77154B-B34C-4473-988A-64A3ED037330}.Debug|x86.Build.0 = Debug|Any CPU
		{0E77154B-B34C-4473-988A-64A3ED037330}.Release|Any CPU.ActiveCfg = Release|Any CPU
		{0E77154B-B34C-4473-988A-64A3ED037330}.Release|Any CPU.Build.0 = Release|Any CPU
		{0E77154B-B34C-4473-988A-64A3ED037330}.Release|x64.ActiveCfg = Release|Any CPU
		{0E77154B-B34C-4473-988A-64A3ED037330}.Release|x64.Build.0 = Release|Any CPU
		{0E77154B-B34C-4473-988A-64A3ED037330}.Release|x86.ActiveCfg = Release|Any CPU
		{0E77154B-B34C-4473-988A-64A3ED037330}.Release|x86.Build.0 = Release|Any CPU
		{2E91F976-C070-4242-8AD7-0088DC89976D}.Debug|Any CPU.ActiveCfg = Debug|Any CPU
		{2E91F976-C070-4242-8AD7-0088DC89976D}.Debug|Any CPU.Build.0 = Debug|Any CPU
		{2E91F976-C070-4242-8AD7-0088DC89976D}.Debug|x64.ActiveCfg = Debug|Any CPU
		{2E91F976-C070-4242-8AD7-0088DC89976D}.Debug|x64.Build.0 = Debug|Any CPU
		{2E91F976-C070-4242-8AD7-0088DC89976D}.Debug|x86.ActiveCfg = Debug|Any CPU
		{2E91F976-C070-4242-8AD7-0088DC89976D}.Debug|x86.Build.0 = Debug|Any CPU
		{2E91F976-C070-4242-8AD7-0088DC89976D}.Release|Any CPU.ActiveCfg = Release|Any CPU
		{2E91F976-C070-4242-8AD7-0088DC89976D}.Release|Any CPU.Build.0 = Release|Any CPU
		{2E91F976-C070-4242-8AD7-0088DC89976D}.Release|x64.ActiveCfg = Release|Any CPU
		{2E91F976-C070-4242-8AD7-0088DC89976D}.Release|x64.Build.0 = Release|Any CPU
		{2E91F976-C070-4242-8AD7-0088DC89976D}.Release|x86.ActiveCfg = Release|Any CPU
		{2E91F976-C070-4242-8AD7-0088DC89976D}.Release|x86.Build.0 = Release|Any CPU
		{94A5C2B5-48AE-4104-A5D8-FB09C60139B6}.Debug|Any CPU.ActiveCfg = Debug|Any CPU
		{94A5C2B5-48AE-4104-A5D8-FB09C60139B6}.Debug|Any CPU.Build.0 = Debug|Any CPU
		{94A5C2B5-48AE-4104-A5D8-FB09C60139B6}.Debug|x64.ActiveCfg = Debug|Any CPU
		{94A5C2B5-48AE-4104-A5D8-FB09C60139B6}.Debug|x64.Build.0 = Debug|Any CPU
		{94A5C2B5-48AE-4104-A5D8-FB09C60139B6}.Debug|x86.ActiveCfg = Debug|Any CPU
		{94A5C2B5-48AE-4104-A5D8-FB09C60139B6}.Debug|x86.Build.0 = Debug|Any CPU
		{94A5C2B5-48AE-4104-A5D8-FB09C60139B6}.Release|Any CPU.ActiveCfg = Release|Any CPU
		{94A5C2B5-48AE-4104-A5D8-FB09C60139B6}.Release|Any CPU.Build.0 = Release|Any CPU
		{94A5C2B5-48AE-4104-A5D8-FB09C60139B6}.Release|x64.ActiveCfg = Release|Any CPU
		{94A5C2B5-48AE-4104-A5D8-FB09C60139B6}.Release|x64.Build.0 = Release|Any CPU
		{94A5C2B5-48AE-4104-A5D8-FB09C60139B6}.Release|x86.ActiveCfg = Release|Any CPU
		{94A5C2B5-48AE-4104-A5D8-FB09C60139B6}.Release|x86.Build.0 = Release|Any CPU
		{14BC5495-1D2D-45D2-A58A-19C0BF5F4EC2}.Debug|Any CPU.ActiveCfg = Debug|Any CPU
		{14BC5495-1D2D-45D2-A58A-19C0BF5F4EC2}.Debug|Any CPU.Build.0 = Debug|Any CPU
		{14BC5495-1D2D-45D2-A58A-19C0BF5F4EC2}.Debug|x64.ActiveCfg = Debug|Any CPU
		{14BC5495-1D2D-45D2-A58A-19C0BF5F4EC2}.Debug|x64.Build.0 = Debug|Any CPU
		{14BC5495-1D2D-45D2-A58A-19C0BF5F4EC2}.Debug|x86.ActiveCfg = Debug|Any CPU
		{14BC5495-1D2D-45D2-A58A-19C0BF5F4EC2}.Debug|x86.Build.0 = Debug|Any CPU
		{14BC5495-1D2D-45D2-A58A-19C0BF5F4EC2}.Release|Any CPU.ActiveCfg = Release|Any CPU
		{14BC5495-1D2D-45D2-A58A-19C0BF5F4EC2}.Release|Any CPU.Build.0 = Release|Any CPU
		{14BC5495-1D2D-45D2-A58A-19C0BF5F4EC2}.Release|x64.ActiveCfg = Release|Any CPU
		{14BC5495-1D2D-45D2-A58A-19C0BF5F4EC2}.Release|x64.Build.0 = Release|Any CPU
		{14BC5495-1D2D-45D2-A58A-19C0BF5F4EC2}.Release|x86.ActiveCfg = Release|Any CPU
		{14BC5495-1D2D-45D2-A58A-19C0BF5F4EC2}.Release|x86.Build.0 = Release|Any CPU
		{08866F90-7C3B-446F-A6DE-8D65381CC87F}.Debug|Any CPU.ActiveCfg = Debug|Any CPU
		{08866F90-7C3B-446F-A6DE-8D65381CC87F}.Debug|Any CPU.Build.0 = Debug|Any CPU
		{08866F90-7C3B-446F-A6DE-8D65381CC87F}.Debug|x64.ActiveCfg = Debug|Any CPU
		{08866F90-7C3B-446F-A6DE-8D65381CC87F}.Debug|x64.Build.0 = Debug|Any CPU
		{08866F90-7C3B-446F-A6DE-8D65381CC87F}.Debug|x86.ActiveCfg = Debug|Any CPU
		{08866F90-7C3B-446F-A6DE-8D65381CC87F}.Debug|x86.Build.0 = Debug|Any CPU
		{08866F90-7C3B-446F-A6DE-8D65381CC87F}.Release|Any CPU.ActiveCfg = Release|Any CPU
		{08866F90-7C3B-446F-A6DE-8D65381CC87F}.Release|Any CPU.Build.0 = Release|Any CPU
		{08866F90-7C3B-446F-A6DE-8D65381CC87F}.Release|x64.ActiveCfg = Release|Any CPU
		{08866F90-7C3B-446F-A6DE-8D65381CC87F}.Release|x64.Build.0 = Release|Any CPU
		{08866F90-7C3B-446F-A6DE-8D65381CC87F}.Release|x86.ActiveCfg = Release|Any CPU
		{08866F90-7C3B-446F-A6DE-8D65381CC87F}.Release|x86.Build.0 = Release|Any CPU
		{DC336660-207B-4237-A805-FAB7A4CAE736}.Debug|Any CPU.ActiveCfg = Debug|Any CPU
		{DC336660-207B-4237-A805-FAB7A4CAE736}.Debug|Any CPU.Build.0 = Debug|Any CPU
		{DC336660-207B-4237-A805-FAB7A4CAE736}.Debug|x64.ActiveCfg = Debug|Any CPU
		{DC336660-207B-4237-A805-FAB7A4CAE736}.Debug|x64.Build.0 = Debug|Any CPU
		{DC336660-207B-4237-A805-FAB7A4CAE736}.Debug|x86.ActiveCfg = Debug|Any CPU
		{DC336660-207B-4237-A805-FAB7A4CAE736}.Debug|x86.Build.0 = Debug|Any CPU
		{DC336660-207B-4237-A805-FAB7A4CAE736}.Release|Any CPU.ActiveCfg = Release|Any CPU
		{DC336660-207B-4237-A805-FAB7A4CAE736}.Release|Any CPU.Build.0 = Release|Any CPU
		{DC336660-207B-4237-A805-FAB7A4CAE736}.Release|x64.ActiveCfg = Release|Any CPU
		{DC336660-207B-4237-A805-FAB7A4CAE736}.Release|x64.Build.0 = Release|Any CPU
		{DC336660-207B-4237-A805-FAB7A4CAE736}.Release|x86.ActiveCfg = Release|Any CPU
		{DC336660-207B-4237-A805-FAB7A4CAE736}.Release|x86.Build.0 = Release|Any CPU
	EndGlobalSection
	GlobalSection(SolutionProperties) = preSolution
		HideSolutionNode = FALSE
	EndGlobalSection
	GlobalSection(ExtensibilityGlobals) = postSolution
		SolutionGuid = {3DA1237E-368A-4C95-AD24-2DF3CCC8E4E4}
	EndGlobalSection
EndGlobal
